
Microsoft Visual Studio Solution File, Format Version 12.00
# Visual Studio Version 16
VisualStudioVersion = 16.0.29613.14
MinimumVisualStudioVersion = 10.0.40219.1
Project("{9A19103F-16F7-4668-BE54-9A1E7A4F7556}") = "SSMWarehouseManagement", "SSMWarehouseManagement\SSMWarehouseManagement.csproj", "{FD6FEA37-A8DA-4F3C-A3B7-2EBE3E23C394}"
EndProject
Global
	GlobalSection(SolutionConfigurationPlatforms) = preSolution
		Debug|Any CPU = Debug|Any CPU
		Release|Any CPU = Release|Any CPU
	EndGlobalSection
	GlobalSection(ProjectConfigurationPlatforms) = postSolution
		{FD6FEA37-A8DA-4F3C-A3B7-2EBE3E23C394}.Debug|Any CPU.ActiveCfg = Debug|Any CPU
		{FD6FEA37-A8DA-4F3C-A3B7-2EBE3E23C394}.Debug|Any CPU.Build.0 = Debug|Any CPU
		{FD6FEA37-A8DA-4F3C-A3B7-2EBE3E23C394}.Release|Any CPU.ActiveCfg = Release|Any CPU
		{FD6FEA37-A8DA-4F3C-A3B7-2EBE3E23C394}.Release|Any CPU.Build.0 = Release|Any CPU
	EndGlobalSection
	GlobalSection(SolutionProperties) = preSolution
		HideSolutionNode = FALSE
	EndGlobalSection
	GlobalSection(ExtensibilityGlobals) = postSolution
		SolutionGuid = {05EB44EF-2B1A-4C5F-A80B-B18FC977307A}
	EndGlobalSection
EndGlobal
